
Microsoft Visual Studio Solution File, Format Version 12.00
# Visual Studio Version 16
VisualStudioVersion = 16.0.31424.327
MinimumVisualStudioVersion = 10.0.40219.1
Project("{FAE04EC0-301F-11D3-BF4B-00C04F79EFBC}") = "BulkyBook", "BulkyBook\BulkyBook.csproj", "{3D7A295A-24A5-4CE9-87B2-D2575A42A42F}"
EndProject
Global
	GlobalSection(SolutionConfigurationPlatforms) = preSolution
		Debug|Any CPU = Debug|Any CPU
		Release|Any CPU = Release|Any CPU
	EndGlobalSection
	GlobalSection(ProjectConfigurationPlatforms) = postSolution
		{3D7A295A-24A5-4CE9-87B2-D2575A42A42F}.Debug|Any CPU.ActiveCfg = Debug|Any CPU
		{3D7A295A-24A5-4CE9-87B2-D2575A42A42F}.Debug|Any CPU.Build.0 = Debug|Any CPU
		{3D7A295A-24A5-4CE9-87B2-D2575A42A42F}.Release|Any CPU.ActiveCfg = Release|Any CPU
		{3D7A295A-24A5-4CE9-87B2-D2575A42A42F}.Release|Any CPU.Build.0 = Release|Any CPU
	EndGlobalSection
	GlobalSection(SolutionProperties) = preSolution
		HideSolutionNode = FALSE
	EndGlobalSection
	GlobalSection(ExtensibilityGlobals) = postSolution
		SolutionGuid = {3DE03B4B-7048-41EC-8B40-5EFC4F9785BD}
	EndGlobalSection
EndGlobal
